# This file is automatically @generated by Cargo.
# It is not intended for manual editing.
version = 3

[[package]]
name = "distance"
version = "0.1.0"

[[package]]
name = "tda"
version = "0.1.0"
dependencies = [
 "distance",
 "tda-complices",
]

[[package]]
name = "tda-complices"
version = "0.1.0"
